{
  "name": "wheredoivote",
  "requires": true,
  "lockfileVersion": 1,
  "dependencies": {
    "@mapbox/polyline": {
      "version": "1.0.0",
      "resolved": "https://registry.npmjs.org/@mapbox/polyline/-/polyline-1.0.0.tgz",
      "integrity": "sha512-5Vu99e/+kVF0h0eiWa3er3bYnjorq6SGTn06HqeinFAETlQpcHGj7+DanmFlNyXkgvRcKi0nQytuMm6QA2CkAQ=="
    },
    "font-awesome": {
      "version": "4.7.0",
      "resolved": "https://registry.npmjs.org/font-awesome/-/font-awesome-4.7.0.tgz",
      "integrity": "sha1-j6jPBBGhoxr9B7BtKQK7n8gVoTM="
    },
    "leaflet": {
      "version": "1.4.0",
      "resolved": "https://registry.npmjs.org/leaflet/-/leaflet-1.4.0.tgz",
      "integrity": "sha512-x9j9tGY1+PDLN9pcWTx9/y6C5nezoTMB8BLK5jTakx+H7bPlnbCHfi9Hjg+Qt36sgDz/cb9lrSpNQXmk45Tvhw=="
    },
    "leaflet-extra-markers": {
      "version": "1.0.6",
      "resolved": "https://registry.npmjs.org/leaflet-extra-markers/-/leaflet-extra-markers-1.0.6.tgz",
      "integrity": "sha1-6XUXAG0yfiWy4JvmOmgYcC9wrRY="
    }
  }
}
