{
  "name": "wheredoivote",
  "requires": true,
  "lockfileVersion": 1,
  "dependencies": {
    "@mapbox/polyline": {
      "version": "1.0.0",
      "resolved": "https://registry.npmjs.org/@mapbox/polyline/-/polyline-1.0.0.tgz",
      "integrity": "sha512-5Vu99e/+kVF0h0eiWa3er3bYnjorq6SGTn06HqeinFAETlQpcHGj7+DanmFlNyXkgvRcKi0nQytuMm6QA2CkAQ=="
    },
    "font-awesome": {
      "version": "4.7.0",
      "resolved": "https://registry.npmjs.org/font-awesome/-/font-awesome-4.7.0.tgz",
      "integrity": "sha1-j6jPBBGhoxr9B7BtKQK7n8gVoTM="
    },
    "leaflet": {
      "version": "1.3.1",
      "resolved": "https://registry.npmjs.org/leaflet/-/leaflet-1.3.1.tgz",
      "integrity": "sha512-adQOIzh+bfdridLM1xIgJ9VnJbAUY3wqs/ueF+ITla+PLQ1z47USdBKUf+iD9FuUA8RtlT6j6hZBfZoA6mW+XQ=="
    },
    "leaflet-extra-markers": {
      "version": "1.0.6",
      "resolved": "https://registry.npmjs.org/leaflet-extra-markers/-/leaflet-extra-markers-1.0.6.tgz",
      "integrity": "sha1-6XUXAG0yfiWy4JvmOmgYcC9wrRY="
    }
  }
}
